
Microsoft Visual Studio Solution File, Format Version 12.00
# Visual Studio 15
VisualStudioVersion = 15.0.27428.2015
MinimumVisualStudioVersion = 10.0.40219.1
Project("{9A19103F-16F7-4668-BE54-9A1E7A4F7556}") = "MassTransitTest", "MassTransitTest\MassTransitTest.csproj", "{2C128936-D537-4225-BF27-83AA9262247C}"
EndProject
Project("{9A19103F-16F7-4668-BE54-9A1E7A4F7556}") = "Message", "Message\Message.csproj", "{AC687FE1-E991-45D3-8AC1-1731743DB8EB}"
EndProject
Project("{FAE04EC0-301F-11D3-BF4B-00C04F79EFBC}") = "AppService", "AppService\AppService.csproj", "{0CD4F893-DD38-4C86-9106-B6C0D192E14D}"
EndProject
Global
	GlobalSection(SolutionConfigurationPlatforms) = preSolution
		Debug|Any CPU = Debug|Any CPU
		Release|Any CPU = Release|Any CPU
	EndGlobalSection
	GlobalSection(ProjectConfigurationPlatforms) = postSolution
		{2C128936-D537-4225-BF27-83AA9262247C}.Debug|Any CPU.ActiveCfg = Debug|Any CPU
		{2C128936-D537-4225-BF27-83AA9262247C}.Debug|Any CPU.Build.0 = Debug|Any CPU
		{2C128936-D537-4225-BF27-83AA9262247C}.Release|Any CPU.ActiveCfg = Release|Any CPU
		{2C128936-D537-4225-BF27-83AA9262247C}.Release|Any CPU.Build.0 = Release|Any CPU
		{AC687FE1-E991-45D3-8AC1-1731743DB8EB}.Debug|Any CPU.ActiveCfg = Debug|Any CPU
		{AC687FE1-E991-45D3-8AC1-1731743DB8EB}.Debug|Any CPU.Build.0 = Debug|Any CPU
		{AC687FE1-E991-45D3-8AC1-1731743DB8EB}.Release|Any CPU.ActiveCfg = Release|Any CPU
		{AC687FE1-E991-45D3-8AC1-1731743DB8EB}.Release|Any CPU.Build.0 = Release|Any CPU
		{0CD4F893-DD38-4C86-9106-B6C0D192E14D}.Debug|Any CPU.ActiveCfg = Debug|Any CPU
		{0CD4F893-DD38-4C86-9106-B6C0D192E14D}.Debug|Any CPU.Build.0 = Debug|Any CPU
		{0CD4F893-DD38-4C86-9106-B6C0D192E14D}.Release|Any CPU.ActiveCfg = Release|Any CPU
		{0CD4F893-DD38-4C86-9106-B6C0D192E14D}.Release|Any CPU.Build.0 = Release|Any CPU
	EndGlobalSection
	GlobalSection(SolutionProperties) = preSolution
		HideSolutionNode = FALSE
	EndGlobalSection
	GlobalSection(ExtensibilityGlobals) = postSolution
		SolutionGuid = {A98C0D67-2AA5-46A6-9FF5-932F888AD70B}
	EndGlobalSection
EndGlobal
